{
  "name": "starlite-action-alpha",
  "version": "0.0.9",
  "lockfileVersion": 3,
  "requires": true,
  "packages": {
    "": {
      "name": "starlite-action-alpha",
      "version": "0.0.9",
      "dependencies": {
        "standardlint": "1"
      }
    },
    "node_modules/standardlint": {
      "version": "1.2.1",
      "resolved": "https://registry.npmjs.org/standardlint/-/standardlint-1.2.1.tgz",
      "integrity": "sha512-8PruUaICUvMCllbAaia+Cfu/A/DD6dapwYTDsIyROxiTOhvWlw/VevYNoMlOYwLjPd92da3fTJJsoaO+rSc1jA==",
      "bin": {
        "standardlint": "lib/index.js"
      }
    }
  }
}
